
Microsoft Visual Studio Solution File, Format Version 12.00
# Visual Studio 15
VisualStudioVersion = 15.0.26403.7
MinimumVisualStudioVersion = 10.0.40219.1
Project("{2150E333-8FDC-42A3-9474-1A3956D46DE8}") = ".paket", ".paket", "{8E87B8E4-D207-403F-A1B6-1713C2D70548}"
	ProjectSection(SolutionItems) = preProject
		paket.dependencies = paket.dependencies
		paket.lock = paket.lock
		.paket\Readme.paket.md = .paket\Readme.paket.md
	EndProjectSection
EndProject
Project("{FAE04EC0-301F-11D3-BF4B-00C04F79EFBC}") = "Palette", "Palette\Palette.csproj", "{CFD37CAF-CAE9-469F-9254-EDA871055EE9}"
EndProject
Global
	GlobalSection(SolutionConfigurationPlatforms) = preSolution
		Debug|Any CPU = Debug|Any CPU
		Release|Any CPU = Release|Any CPU
	EndGlobalSection
	GlobalSection(ProjectConfigurationPlatforms) = postSolution
		{CFD37CAF-CAE9-469F-9254-EDA871055EE9}.Debug|Any CPU.ActiveCfg = Debug|Any CPU
		{CFD37CAF-CAE9-469F-9254-EDA871055EE9}.Debug|Any CPU.Build.0 = Debug|Any CPU
		{CFD37CAF-CAE9-469F-9254-EDA871055EE9}.Release|Any CPU.ActiveCfg = Release|Any CPU
		{CFD37CAF-CAE9-469F-9254-EDA871055EE9}.Release|Any CPU.Build.0 = Release|Any CPU
	EndGlobalSection
	GlobalSection(SolutionProperties) = preSolution
		HideSolutionNode = FALSE
	EndGlobalSection
EndGlobal
