
Microsoft Visual Studio Solution File, Format Version 12.00
# Visual Studio Version 17
VisualStudioVersion = 17.4.33213.308
MinimumVisualStudioVersion = 10.0.40219.1
Project("{FAE04EC0-301F-11D3-BF4B-00C04F79EFBC}") = "Palette", "Palette\Palette.csproj", "{CFD37CAF-CAE9-469F-9254-EDA871055EE9}"
EndProject
Global
	GlobalSection(SolutionConfigurationPlatforms) = preSolution
		Debug|Any CPU = Debug|Any CPU
		Release|Any CPU = Release|Any CPU
	EndGlobalSection
	GlobalSection(ProjectConfigurationPlatforms) = postSolution
		{CFD37CAF-CAE9-469F-9254-EDA871055EE9}.Debug|Any CPU.ActiveCfg = Debug|Any CPU
		{CFD37CAF-CAE9-469F-9254-EDA871055EE9}.Debug|Any CPU.Build.0 = Debug|Any CPU
		{CFD37CAF-CAE9-469F-9254-EDA871055EE9}.Release|Any CPU.ActiveCfg = Release|Any CPU
		{CFD37CAF-CAE9-469F-9254-EDA871055EE9}.Release|Any CPU.Build.0 = Release|Any CPU
	EndGlobalSection
	GlobalSection(SolutionProperties) = preSolution
		HideSolutionNode = FALSE
	EndGlobalSection
	GlobalSection(ExtensibilityGlobals) = postSolution
		SolutionGuid = {1DBFF434-CA36-44D7-A85C-05B13054F4B5}
	EndGlobalSection
EndGlobal
